
Microsoft Visual Studio Solution File, Format Version 12.00
# Visual Studio 15
Project("{FAE04EC0-301F-11D3-BF4B-00C04F79EFBC}") = "Assembly-CSharp", "Assembly-CSharp.csproj", "{B4177091-EDB1-8C38-9A46-4F493BB91403}"
EndProject
Project("{FAE04EC0-301F-11D3-BF4B-00C04F79EFBC}") = "Assembly-CSharp-Editor", "Assembly-CSharp-Editor.csproj", "{186E7A6B-CDEA-81EC-217C-FFAD4D42CB9A}"
EndProject
Global
	GlobalSection(SolutionConfigurationPlatforms) = preSolution
		Debug|Any CPU = Debug|Any CPU
		Release|Any CPU = Release|Any CPU
	EndGlobalSection
	GlobalSection(ProjectConfigurationPlatforms) = postSolution
		{B4177091-EDB1-8C38-9A46-4F493BB91403}.Debug|Any CPU.ActiveCfg = Debug|Any CPU
		{B4177091-EDB1-8C38-9A46-4F493BB91403}.Debug|Any CPU.Build.0 = Debug|Any CPU
		{B4177091-EDB1-8C38-9A46-4F493BB91403}.Release|Any CPU.ActiveCfg = Release|Any CPU
		{B4177091-EDB1-8C38-9A46-4F493BB91403}.Release|Any CPU.Build.0 = Release|Any CPU
		{186E7A6B-CDEA-81EC-217C-FFAD4D42CB9A}.Debug|Any CPU.ActiveCfg = Debug|Any CPU
		{186E7A6B-CDEA-81EC-217C-FFAD4D42CB9A}.Debug|Any CPU.Build.0 = Debug|Any CPU
		{186E7A6B-CDEA-81EC-217C-FFAD4D42CB9A}.Release|Any CPU.ActiveCfg = Release|Any CPU
		{186E7A6B-CDEA-81EC-217C-FFAD4D42CB9A}.Release|Any CPU.Build.0 = Release|Any CPU
	EndGlobalSection
	GlobalSection(SolutionProperties) = preSolution
		HideSolutionNode = FALSE
	EndGlobalSection
EndGlobal
